{
    "_meta": {
        "hash": {
            "sha256": "c3c2a1224c405e98afdb83538cc30b1f6e9889b4a22169e31642f805c35fc76a"
        },
        "pipfile-spec": 6,
        "requires": {
            "python_version": "3.7"
        },
        "sources": [
            {
                "name": "pypi",
                "url": "https://pypi.org/simple",
                "verify_ssl": true
            }
        ]
    },
    "default": {
        "comtypes": {
            "hashes": [
                "sha256:c9d59f57d559613940f22da54d70add066faa23b4fa9b5cd95facdc501a63b0b"
            ],
            "index": "pypi",
            "version": "==1.1.7"
        },
        "configobj": {
            "git": "https://github.com/DiffSK/configobj.git",
            "ref": "5b5de48a53cbceced3172bcd569ba7b2df7bfe6f"
        },
        "pypubsub": {
            "hashes": [
                "sha256:430d60d76e56e19eaa1422579941caf9d3b392cfb8d10a17678a5c9f7ee830ba",
                "sha256:7a15723835d1e55c67ed3329a009c18d2f2ff7b8d73cf0e01f3295781e0b5807"
            ],
            "version": "==4.0.0"
        },
        "pyserial": {
            "hashes": [
                "sha256:6e2d401fdee0eab996cf734e67773a0143b932772ca8b42451440cfed942c627",
                "sha256:e0770fadba80c31013896c7e6ef703f72e7834965954a78e71a3049488d4d7d8"
            ],
            "index": "pypi",
            "version": "==3.4"
        },
        "pywin32": {
            "hashes": [
                "sha256:22e218832a54ed206452c8f3ca9eff07ef327f8e597569a4c2828be5eaa09a77",
                "sha256:32b37abafbfeddb0fe718008d6aada5a71efa2874f068bee1f9e703983dcc49a",
                "sha256:35451edb44162d2f603b5b18bd427bc88fcbc74849eaa7a7e7cfe0f507e5c0c8",
                "sha256:4eda2e1e50faa706ff8226195b84fbcbd542b08c842a9b15e303589f85bfb41c",
                "sha256:5f265d72588806e134c8e1ede8561739071626ea4cc25c12d526aa7b82416ae5",
                "sha256:6852ceac5fdd7a146b570655c37d9eacd520ed1eaeec051ff41c6fc94243d8bf",
                "sha256:6dbc4219fe45ece6a0cc6baafe0105604fdee551b5e876dc475d3955b77190ec",
                "sha256:9bd07746ce7f2198021a9fa187fa80df7b221ec5e4c234ab6f00ea355a3baf99"
            ],
            "index": "pypi",
            "version": "==224"
        },
        "scons": {
            "hashes": [
                "sha256:24475e38d39c19683bc88054524df018fe6949d70fbd4c69e298d39a0269f173"
            ],
            "index": "pypi",
            "version": "==3.0.1"
        },
        "six": {
            "hashes": [
                "sha256:3350809f0555b11f552448330d0b52d5f24c91a322ea4a15ef22629740f3761c",
                "sha256:d16a0141ec1a18405cd4ce8b4613101da75da0e9a7aec5bdd4fa804d0e0eba73"
            ],
            "index": "pypi",
            "version": "==1.12.0"
        },
        "wxpython": {
            "hashes": [
                "sha256:02ac3734843e9fc059aaa3d691d59c286726c12da0302e0eaaa8754e72ea2c5a",
                "sha256:148bd5538afe6ef8f7dd822f5b0a24bccb88a1a2e304dc2b860cbd6293db7186",
                "sha256:39daa5fc19c5cfbc996a4edaae5ee420a9332a2c22130af75fe4e9d6229a4e06",
                "sha256:4525d8601eafd22fe1746b7c53d43a943ba9a6e620200cecd7098619dc523dea",
                "sha256:48ae0c08baeaf76e13606bd9d485b8a78f74fa074070a8b5e96ce3a98ac602c2",
                "sha256:5e1465d13d7debb83b25a84fe2360afb5ec6ceeaaacc974c9dd622e14ad91024",
                "sha256:7a4911399cca264047a78a5abb57a21b718f4e15c197fb82bcd9de6f4df36fbf",
                "sha256:804acfa84347bf4793e2d1b62cf066deaf5af3f3d518e7b54a6a03ac51dfc305",
                "sha256:8d0dfc0146c24749ce00d575e35cc2826372e809d5bc4a57bde6c89031b59e75",
                "sha256:8dadbbd481fdf571f3c821b220b2882ca4d9fe6dabe75a8a03652a928d0b74a1",
                "sha256:a6ee1a8bfc9415b889843ee283e611c47782cb25fc34093cc77c147ef6fc69e5",
                "sha256:c62c60b28e77d0b737bb8cbcd1e37c237218015cc353da3633ce9e0f1ac86db0",
                "sha256:ca7d29ccad4ae252f058cdc7f3580a938fc854342affbd4da23127a8ca550c74",
                "sha256:f135dd8d8c1b369eb4c7cf66c434c96f5346972acf3bbe0381ffc3fd302c72df",
                "sha256:f9c1528b349825767444e6dd7c1d9267a004c17020371b48d400190875f7ed45",
                "sha256:ff90169eb56484f5f6679c94f53fbbdb6f3e31f61b62333a03990e0334f243c1"
            ],
            "index": "pypi",
            "version": "==4.0.3"
        }
    },
    "develop": {}
}
